
Microsoft Visual Studio Solution File, Format Version 12.00
# Visual Studio Version 16
VisualStudioVersion = 16.0.31005.135
MinimumVisualStudioVersion = 10.0.40219.1
Project("{FAE04EC0-301F-11D3-BF4B-00C04F79EFBC}") = "AluguelLivro", "AluguelLivro\AluguelLivro.csproj", "{27B77D4F-38C1-4137-9493-B09FB99E866A}"
EndProject
Global
	GlobalSection(SolutionConfigurationPlatforms) = preSolution
		Debug|Any CPU = Debug|Any CPU
		Release|Any CPU = Release|Any CPU
	EndGlobalSection
	GlobalSection(ProjectConfigurationPlatforms) = postSolution
		{27B77D4F-38C1-4137-9493-B09FB99E866A}.Debug|Any CPU.ActiveCfg = Debug|Any CPU
		{27B77D4F-38C1-4137-9493-B09FB99E866A}.Debug|Any CPU.Build.0 = Debug|Any CPU
		{27B77D4F-38C1-4137-9493-B09FB99E866A}.Release|Any CPU.ActiveCfg = Release|Any CPU
		{27B77D4F-38C1-4137-9493-B09FB99E866A}.Release|Any CPU.Build.0 = Release|Any CPU
	EndGlobalSection
	GlobalSection(SolutionProperties) = preSolution
		HideSolutionNode = FALSE
	EndGlobalSection
	GlobalSection(ExtensibilityGlobals) = postSolution
		SolutionGuid = {A8E25E7C-0DD6-470C-913B-E22EEBFB583B}
	EndGlobalSection
EndGlobal
